// !$*UTF8*$!
{
	archiveVersion = 1;
	classes = {
	};
	objectVersion = 56;
	objects = {

/* Begin PBXBuildFile section */
		3B09D0DE2A9F8D660000237D /* AppDelegate.swift in Sources */ = {isa = PBXBuildFile; fileRef = 3B09D0DD2A9F8D660000237D /* AppDelegate.swift */; };
		3B09D0E02A9F8D660000237D /* SceneDelegate.swift in Sources */ = {isa = PBXBuildFile; fileRef = 3B09D0DF2A9F8D660000237D /* SceneDelegate.swift */; };
		3B09D0E22A9F8D660000237D /* ViewController.swift in Sources */ = {isa = PBXBuildFile; fileRef = 3B09D0E12A9F8D660000237D /* ViewController.swift */; };
		3B09D0E52A9F8D660000237D /* Main.storyboard in Resources */ = {isa = PBXBuildFile; fileRef = 3B09D0E32A9F8D660000237D /* Main.storyboard */; };
		3B09D0E82A9F8D660000237D /* Mod_1_Creative_App_Kaiser.xcdatamodeld in Sources */ = {isa = PBXBuildFile; fileRef = 3B09D0E62A9F8D660000237D /* Mod_1_Creative_App_Kaiser.xcdatamodeld */; };
		3B09D0EA2A9F8D680000237D /* Assets.xcassets in Resources */ = {isa = PBXBuildFile; fileRef = 3B09D0E92A9F8D680000237D /* Assets.xcassets */; };
		3B09D0ED2A9F8D680000237D /* LaunchScreen.storyboard in Resources */ = {isa = PBXBuildFile; fileRef = 3B09D0EB2A9F8D680000237D /* LaunchScreen.storyboard */; };
		3B09D0F82A9F8D680000237D /* Mod_1_Creative_App_KaiserTests.swift in Sources */ = {isa = PBXBuildFile; fileRef = 3B09D0F72A9F8D680000237D /* Mod_1_Creative_App_KaiserTests.swift */; };
		3B09D1022A9F8D680000237D /* Mod_1_Creative_App_KaiserUITests.swift in Sources */ = {isa = PBXBuildFile; fileRef = 3B09D1012A9F8D680000237D /* Mod_1_Creative_App_KaiserUITests.swift */; };
		3B09D1042A9F8D680000237D /* Mod_1_Creative_App_KaiserUITestsLaunchTests.swift in Sources */ = {isa = PBXBuildFile; fileRef = 3B09D1032A9F8D680000237D /* Mod_1_Creative_App_KaiserUITestsLaunchTests.swift */; };
/* End PBXBuildFile section */

/* Begin PBXContainerItemProxy section */
		3B09D0F42A9F8D680000237D /* PBXContainerItemProxy */ = {
			isa = PBXContainerItemProxy;
			containerPortal = 3B09D0D22A9F8D660000237D /* Project object */;
			proxyType = 1;
			remoteGlobalIDString = 3B09D0D92A9F8D660000237D;
			remoteInfo = "Mod 1 Creative App_Kaiser";
		};
		3B09D0FE2A9F8D680000237D /* PBXContainerItemProxy */ = {
			isa = PBXContainerItemProxy;
			containerPortal = 3B09D0D22A9F8D660000237D /* Project object */;
			proxyType = 1;
			remoteGlobalIDString = 3B09D0D92A9F8D660000237D;
			remoteInfo = "Mod 1 Creative App_Kaiser";
		};
/* End PBXContainerItemProxy section */

/* Begin PBXFileReference section */
		3B09D0DA2A9F8D660000237D /* Mod 1 Creative App_Kaiser.app */ = {isa = PBXFileReference; explicitFileType = wrapper.application; includeInIndex = 0; path = "Mod 1 Creative App_Kaiser.app"; sourceTree = BUILT_PRODUCTS_DIR; };
		3B09D0DD2A9F8D660000237D /* AppDelegate.swift */ = {isa = PBXFileReference; lastKnownFileType = sourcecode.swift; path = AppDelegate.swift; sourceTree = "<group>"; };
		3B09D0DF2A9F8D660000237D /* SceneDelegate.swift */ = {isa = PBXFileReference; lastKnownFileType = sourcecode.swift; path = SceneDelegate.swift; sourceTree = "<group>"; };
		3B09D0E12A9F8D660000237D /* ViewController.swift */ = {isa = PBXFileReference; lastKnownFileType = sourcecode.swift; path = ViewController.swift; sourceTree = "<group>"; };
		3B09D0E42A9F8D660000237D /* Base */ = {isa = PBXFileReference; lastKnownFileType = file.storyboard; name = Base; path = Base.lproj/Main.storyboard; sourceTree = "<group>"; };
		3B09D0E72A9F8D660000237D /* Mod_1_Creative_App_Kaiser.xcdatamodel */ = {isa = PBXFileReference; lastKnownFileType = wrapper.xcdatamodel; path = Mod_1_Creative_App_Kaiser.xcdatamodel; sourceTree = "<group>"; };
		3B09D0E92A9F8D680000237D /* Assets.xcassets */ = {isa = PBXFileReference; lastKnownFileType = folder.assetcatalog; path = Assets.xcassets; sourceTree = "<group>"; };
		3B09D0EC2A9F8D680000237D /* Base */ = {isa = PBXFileReference; lastKnownFileType = file.storyboard; name = Base; path = Base.lproj/LaunchScreen.storyboard; sourceTree = "<group>"; };
		3B09D0EE2A9F8D680000237D /* Info.plist */ = {isa = PBXFileReference; lastKnownFileType = text.plist.xml; path = Info.plist; sourceTree = "<group>"; };
		3B09D0F32A9F8D680000237D /* Mod 1 Creative App_KaiserTests.xctest */ = {isa = PBXFileReference; explicitFileType = wrapper.cfbundle; includeInIndex = 0; path = "Mod 1 Creative App_KaiserTests.xctest"; sourceTree = BUILT_PRODUCTS_DIR; };
		3B09D0F72A9F8D680000237D /* Mod_1_Creative_App_KaiserTests.swift */ = {isa = PBXFileReference; lastKnownFileType = sourcecode.swift; path = Mod_1_Creative_App_KaiserTests.swift; sourceTree = "<group>"; };
		3B09D0FD2A9F8D680000237D /* Mod 1 Creative App_KaiserUITests.xctest */ = {isa = PBXFileReference; explicitFileType = wrapper.cfbundle; includeInIndex = 0; path = "Mod 1 Creative App_KaiserUITests.xctest"; sourceTree = BUILT_PRODUCTS_DIR; };
		3B09D1012A9F8D680000237D /* Mod_1_Creative_App_KaiserUITests.swift */ = {isa = PBXFileReference; lastKnownFileType = sourcecode.swift; path = Mod_1_Creative_App_KaiserUITests.swift; sourceTree = "<group>"; };
		3B09D1032A9F8D680000237D /* Mod_1_Creative_App_KaiserUITestsLaunchTests.swift */ = {isa = PBXFileReference; lastKnownFileType = sourcecode.swift; path = Mod_1_Creative_App_KaiserUITestsLaunchTests.swift; sourceTree = "<group>"; };
/* End PBXFileReference section */

/* Begin PBXFrameworksBuildPhase section */
		3B09D0D72A9F8D660000237D /* Frameworks */ = {
			isa = PBXFrameworksBuildPhase;
			buildActionMask = 2147483647;
			files = (
			);
			runOnlyForDeploymentPostprocessing = 0;
		};
		3B09D0F02A9F8D680000237D /* Frameworks */ = {
			isa = PBXFrameworksBuildPhase;
			buildActionMask = 2147483647;
			files = (
			);
			runOnlyForDeploymentPostprocessing = 0;
		};
		3B09D0FA2A9F8D680000237D /* Frameworks */ = {
			isa = PBXFrameworksBuildPhase;
			buildActionMask = 2147483647;
			files = (
			);
			runOnlyForDeploymentPostprocessing = 0;
		};
/* End PBXFrameworksBuildPhase section */

/* Begin PBXGroup section */
		3B09D0D12A9F8D660000237D = {
			isa = PBXGroup;
			children = (
				3B09D0DC2A9F8D660000237D /* Mod 1 Creative App_Kaiser */,
				3B09D0F62A9F8D680000237D /* Mod 1 Creative App_KaiserTests */,
				3B09D1002A9F8D680000237D /* Mod 1 Creative App_KaiserUITests */,
				3B09D0DB2A9F8D660000237D /* Products */,
			);
			sourceTree = "<group>";
		};
		3B09D0DB2A9F8D660000237D /* Products */ = {
			isa = PBXGroup;
			children = (
				3B09D0DA2A9F8D660000237D /* Mod 1 Creative App_Kaiser.app */,
				3B09D0F32A9F8D680000237D /* Mod 1 Creative App_KaiserTests.xctest */,
				3B09D0FD2A9F8D680000237D /* Mod 1 Creative App_KaiserUITests.xctest */,
			);
			name = Products;
			sourceTree = "<group>";
		};
		3B09D0DC2A9F8D660000237D /* Mod 1 Creative App_Kaiser */ = {
			isa = PBXGroup;
			children = (
				3B09D0DD2A9F8D660000237D /* AppDelegate.swift */,
				3B09D0DF2A9F8D660000237D /* SceneDelegate.swift */,
				3B09D0E12A9F8D660000237D /* ViewController.swift */,
				3B09D0E32A9F8D660000237D /* Main.storyboard */,
				3B09D0E92A9F8D680000237D /* Assets.xcassets */,
				3B09D0EB2A9F8D680000237D /* LaunchScreen.storyboard */,
				3B09D0EE2A9F8D680000237D /* Info.plist */,
				3B09D0E62A9F8D660000237D /* Mod_1_Creative_App_Kaiser.xcdatamodeld */,
			);
			path = "Mod 1 Creative App_Kaiser";
			sourceTree = "<group>";
		};
		3B09D0F62A9F8D680000237D /* Mod 1 Creative App_KaiserTests */ = {
			isa = PBXGroup;
			children = (
				3B09D0F72A9F8D680000237D /* Mod_1_Creative_App_KaiserTests.swift */,
			);
			path = "Mod 1 Creative App_KaiserTests";
			sourceTree = "<group>";
		};
		3B09D1002A9F8D680000237D /* Mod 1 Creative App_KaiserUITests */ = {
			isa = PBXGroup;
			children = (
				3B09D1012A9F8D680000237D /* Mod_1_Creative_App_KaiserUITests.swift */,
				3B09D1032A9F8D680000237D /* Mod_1_Creative_App_KaiserUITestsLaunchTests.swift */,
			);
			path = "Mod 1 Creative App_KaiserUITests";
			sourceTree = "<group>";
		};
/* End PBXGroup section */

/* Begin PBXNativeTarget section */
		3B09D0D92A9F8D660000237D /* Mod 1 Creative App_Kaiser */ = {
			isa = PBXNativeTarget;
			buildConfigurationList = 3B09D1072A9F8D680000237D /* Build configuration list for PBXNativeTarget "Mod 1 Creative App_Kaiser" */;
			buildPhases = (
				3B09D0D62A9F8D660000237D /* Sources */,
				3B09D0D72A9F8D660000237D /* Frameworks */,
				3B09D0D82A9F8D660000237D /* Resources */,
			);
			buildRules = (
			);
			dependencies = (
			);
			name = "Mod 1 Creative App_Kaiser";
			productName = "Mod 1 Creative App_Kaiser";
			productReference = 3B09D0DA2A9F8D660000237D /* Mod 1 Creative App_Kaiser.app */;
			productType = "com.apple.product-type.application";
		};
		3B09D0F22A9F8D680000237D /* Mod 1 Creative App_KaiserTests */ = {
			isa = PBXNativeTarget;
			buildConfigurationList = 3B09D10A2A9F8D680000237D /* Build configuration list for PBXNativeTarget "Mod 1 Creative App_KaiserTests" */;
			buildPhases = (
				3B09D0EF2A9F8D680000237D /* Sources */,
				3B09D0F02A9F8D680000237D /* Frameworks */,
				3B09D0F12A9F8D680000237D /* Resources */,
			);
			buildRules = (
			);
			dependencies = (
				3B09D0F52A9F8D680000237D /* PBXTargetDependency */,
			);
			name = "Mod 1 Creative App_KaiserTests";
			productName = "Mod 1 Creative App_KaiserTests";
			productReference = 3B09D0F32A9F8D680000237D /* Mod 1 Creative App_KaiserTests.xctest */;
			productType = "com.apple.product-type.bundle.unit-test";
		};
		3B09D0FC2A9F8D680000237D /* Mod 1 Creative App_KaiserUITests */ = {
			isa = PBXNativeTarget;
			buildConfigurationList = 3B09D10D2A9F8D680000237D /* Build configuration list for PBXNativeTarget "Mod 1 Creative App_KaiserUITests" */;
			buildPhases = (
				3B09D0F92A9F8D680000237D /* Sources */,
				3B09D0FA2A9F8D680000237D /* Frameworks */,
				3B09D0FB2A9F8D680000237D /* Resources */,
			);
			buildRules = (
			);
			dependencies = (
				3B09D0FF2A9F8D680000237D /* PBXTargetDependency */,
			);
			name = "Mod 1 Creative App_KaiserUITests";
			productName = "Mod 1 Creative App_KaiserUITests";
			productReference = 3B09D0FD2A9F8D680000237D /* Mod 1 Creative App_KaiserUITests.xctest */;
			productType = "com.apple.product-type.bundle.ui-testing";
		};
/* End PBXNativeTarget section */

/* Begin PBXProject section */
		3B09D0D22A9F8D660000237D /* Project object */ = {
			isa = PBXProject;
			attributes = {
				BuildIndependentTargetsInParallel = 1;
				LastSwiftUpdateCheck = 1430;
				LastUpgradeCheck = 1430;
				TargetAttributes = {
					3B09D0D92A9F8D660000237D = {
						CreatedOnToolsVersion = 14.3.1;
					};
					3B09D0F22A9F8D680000237D = {
						CreatedOnToolsVersion = 14.3.1;
						TestTargetID = 3B09D0D92A9F8D660000237D;
					};
					3B09D0FC2A9F8D680000237D = {
						CreatedOnToolsVersion = 14.3.1;
						TestTargetID = 3B09D0D92A9F8D660000237D;
					};
				};
			};
			buildConfigurationList = 3B09D0D52A9F8D660000237D /* Build configuration list for PBXProject "Mod 1 Creative App_Kaiser" */;
			compatibilityVersion = "Xcode 14.0";
			developmentRegion = en;
			hasScannedForEncodings = 0;
			knownRegions = (
				en,
				Base,
			);
			mainGroup = 3B09D0D12A9F8D660000237D;
			productRefGroup = 3B09D0DB2A9F8D660000237D /* Products */;
			projectDirPath = "";
			projectRoot = "";
			targets = (
				3B09D0D92A9F8D660000237D /* Mod 1 Creative App_Kaiser */,
				3B09D0F22A9F8D680000237D /* Mod 1 Creative App_KaiserTests */,
				3B09D0FC2A9F8D680000237D /* Mod 1 Creative App_KaiserUITests */,
			);
		};
/* End PBXProject section */

/* Begin PBXResourcesBuildPhase section */
		3B09D0D82A9F8D660000237D /* Resources */ = {
			isa = PBXResourcesBuildPhase;
			buildActionMask = 2147483647;
			files = (
				3B09D0ED2A9F8D680000237D /* LaunchScreen.storyboard in Resources */,
				3B09D0EA2A9F8D680000237D /* Assets.xcassets in Resources */,
				3B09D0E52A9F8D660000237D /* Main.storyboard in Resources */,
			);
			runOnlyForDeploymentPostprocessing = 0;
		};
		3B09D0F12A9F8D680000237D /* Resources */ = {
			isa = PBXResourcesBuildPhase;
			buildActionMask = 2147483647;
			files = (
			);
			runOnlyForDeploymentPostprocessing = 0;
		};
		3B09D0FB2A9F8D680000237D /* Resources */ = {
			isa = PBXResourcesBuildPhase;
			buildActionMask = 2147483647;
			files = (
			);
			runOnlyForDeploymentPostprocessing = 0;
		};
/* End PBXResourcesBuildPhase section */

/* Begin PBXSourcesBuildPhase section */
		3B09D0D62A9F8D660000237D /* Sources */ = {
			isa = PBXSourcesBuildPhase;
			buildActionMask = 2147483647;
			files = (
				3B09D0E22A9F8D660000237D /* ViewController.swift in Sources */,
				3B09D0DE2A9F8D660000237D /* AppDelegate.swift in Sources */,
				3B09D0E82A9F8D660000237D /* Mod_1_Creative_App_Kaiser.xcdatamodeld in Sources */,
				3B09D0E02A9F8D660000237D /* SceneDelegate.swift in Sources */,
			);
			runOnlyForDeploymentPostprocessing = 0;
		};
		3B09D0EF2A9F8D680000237D /* Sources */ = {
			isa = PBXSourcesBuildPhase;
			buildActionMask = 2147483647;
			files = (
				3B09D0F82A9F8D680000237D /* Mod_1_Creative_App_KaiserTests.swift in Sources */,
			);
			runOnlyForDeploymentPostprocessing = 0;
		};
		3B09D0F92A9F8D680000237D /* Sources */ = {
			isa = PBXSourcesBuildPhase;
			buildActionMask = 2147483647;
			files = (
				3B09D1022A9F8D680000237D /* Mod_1_Creative_App_KaiserUITests.swift in Sources */,
				3B09D1042A9F8D680000237D /* Mod_1_Creative_App_KaiserUITestsLaunchTests.swift in Sources */,
			);
			runOnlyForDeploymentPostprocessing = 0;
		};
/* End PBXSourcesBuildPhase section */

/* Begin PBXTargetDependency section */
		3B09D0F52A9F8D680000237D /* PBXTargetDependency */ = {
			isa = PBXTargetDependency;
			target = 3B09D0D92A9F8D660000237D /* Mod 1 Creative App_Kaiser */;
			targetProxy = 3B09D0F42A9F8D680000237D /* PBXContainerItemProxy */;
		};
		3B09D0FF2A9F8D680000237D /* PBXTargetDependency */ = {
			isa = PBXTargetDependency;
			target = 3B09D0D92A9F8D660000237D /* Mod 1 Creative App_Kaiser */;
			targetProxy = 3B09D0FE2A9F8D680000237D /* PBXContainerItemProxy */;
		};
/* End PBXTargetDependency section */

/* Begin PBXVariantGroup section */
		3B09D0E32A9F8D660000237D /* Main.storyboard */ = {
			isa = PBXVariantGroup;
			children = (
				3B09D0E42A9F8D660000237D /* Base */,
			);
			name = Main.storyboard;
			sourceTree = "<group>";
		};
		3B09D0EB2A9F8D680000237D /* LaunchScreen.storyboard */ = {
			isa = PBXVariantGroup;
			children = (
				3B09D0EC2A9F8D680000237D /* Base */,
			);
			name = LaunchScreen.storyboard;
			sourceTree = "<group>";
		};
/* End PBXVariantGroup section */

/* Begin XCBuildConfiguration section */
		3B09D1052A9F8D680000237D /* Debug */ = {
			isa = XCBuildConfiguration;
			buildSettings = {
				ALWAYS_SEARCH_USER_PATHS = NO;
				CLANG_ANALYZER_NONNULL = YES;
				CLANG_ANALYZER_NUMBER_OBJECT_CONVERSION = YES_AGGRESSIVE;
				CLANG_CXX_LANGUAGE_STANDARD = "gnu++20";
				CLANG_ENABLE_MODULES = YES;
				CLANG_ENABLE_OBJC_ARC = YES;
				CLANG_ENABLE_OBJC_WEAK = YES;
				CLANG_WARN_BLOCK_CAPTURE_AUTORELEASING = YES;
				CLANG_WARN_BOOL_CONVERSION = YES;
				CLANG_WARN_COMMA = YES;
				CLANG_WARN_CONSTANT_CONVERSION = YES;
				CLANG_WARN_DEPRECATED_OBJC_IMPLEMENTATIONS = YES;
				CLANG_WARN_DIRECT_OBJC_ISA_USAGE = YES_ERROR;
				CLANG_WARN_DOCUMENTATION_COMMENTS = YES;
				CLANG_WARN_EMPTY_BODY = YES;
				CLANG_WARN_ENUM_CONVERSION = YES;
				CLANG_WARN_INFINITE_RECURSION = YES;
				CLANG_WARN_INT_CONVERSION = YES;
				CLANG_WARN_NON_LITERAL_NULL_CONVERSION = YES;
				CLANG_WARN_OBJC_IMPLICIT_RETAIN_SELF = YES;
				CLANG_WARN_OBJC_LITERAL_CONVERSION = YES;
				CLANG_WARN_OBJC_ROOT_CLASS = YES_ERROR;
				CLANG_WARN_QUOTED_INCLUDE_IN_FRAMEWORK_HEADER = YES;
				CLANG_WARN_RANGE_LOOP_ANALYSIS = YES;
				CLANG_WARN_STRICT_PROTOTYPES = YES;
				CLANG_WARN_SUSPICIOUS_MOVE = YES;
				CLANG_WARN_UNGUARDED_AVAILABILITY = YES_AGGRESSIVE;
				CLANG_WARN_UNREACHABLE_CODE = YES;
				CLANG_WARN__DUPLICATE_METHOD_MATCH = YES;
				COPY_PHASE_STRIP = NO;
				DEBUG_INFORMATION_FORMAT = dwarf;
				ENABLE_STRICT_OBJC_MSGSEND = YES;
				ENABLE_TESTABILITY = YES;
				GCC_C_LANGUAGE_STANDARD = gnu11;
				GCC_DYNAMIC_NO_PIC = NO;
				GCC_NO_COMMON_BLOCKS = YES;
				GCC_OPTIMIZATION_LEVEL = 0;
				GCC_PREPROCESSOR_DEFINITIONS = (
					"DEBUG=1",
					"$(inherited)",
				);
				GCC_WARN_64_TO_32_BIT_CONVERSION = YES;
				GCC_WARN_ABOUT_RETURN_TYPE = YES_ERROR;
				GCC_WARN_UNDECLARED_SELECTOR = YES;
				GCC_WARN_UNINITIALIZED_AUTOS = YES_AGGRESSIVE;
				GCC_WARN_UNUSED_FUNCTION = YES;
				GCC_WARN_UNUSED_VARIABLE = YES;
				IPHONEOS_DEPLOYMENT_TARGET = 16.4;
				MTL_ENABLE_DEBUG_INFO = INCLUDE_SOURCE;
				MTL_FAST_MATH = YES;
				ONLY_ACTIVE_ARCH = YES;
				SDKROOT = iphoneos;
				SWIFT_ACTIVE_COMPILATION_CONDITIONS = DEBUG;
				SWIFT_OPTIMIZATION_LEVEL = "-Onone";
			};
			name = Debug;
		};
		3B09D1062A9F8D680000237D /* Release */ = {
			isa = XCBuildConfiguration;
			buildSettings = {
				ALWAYS_SEARCH_USER_PATHS = NO;
				CLANG_ANALYZER_NONNULL = YES;
				CLANG_ANALYZER_NUMBER_OBJECT_CONVERSION = YES_AGGRESSIVE;
				CLANG_CXX_LANGUAGE_STANDARD = "gnu++20";
				CLANG_ENABLE_MODULES = YES;
				CLANG_ENABLE_OBJC_ARC = YES;
				CLANG_ENABLE_OBJC_WEAK = YES;
				CLANG_WARN_BLOCK_CAPTURE_AUTORELEASING = YES;
				CLANG_WARN_BOOL_CONVERSION = YES;
				CLANG_WARN_COMMA = YES;
				CLANG_WARN_CONSTANT_CONVERSION = YES;
				CLANG_WARN_DEPRECATED_OBJC_IMPLEMENTATIONS = YES;
				CLANG_WARN_DIRECT_OBJC_ISA_USAGE = YES_ERROR;
				CLANG_WARN_DOCUMENTATION_COMMENTS = YES;
				CLANG_WARN_EMPTY_BODY = YES;
				CLANG_WARN_ENUM_CONVERSION = YES;
				CLANG_WARN_INFINITE_RECURSION = YES;
				CLANG_WARN_INT_CONVERSION = YES;
				CLANG_WARN_NON_LITERAL_NULL_CONVERSION = YES;
				CLANG_WARN_OBJC_IMPLICIT_RETAIN_SELF = YES;
				CLANG_WARN_OBJC_LITERAL_CONVERSION = YES;
				CLANG_WARN_OBJC_ROOT_CLASS = YES_ERROR;
				CLANG_WARN_QUOTED_INCLUDE_IN_FRAMEWORK_HEADER = YES;
				CLANG_WARN_RANGE_LOOP_ANALYSIS = YES;
				CLANG_WARN_STRICT_PROTOTYPES = YES;
				CLANG_WARN_SUSPICIOUS_MOVE = YES;
				CLANG_WARN_UNGUARDED_AVAILABILITY = YES_AGGRESSIVE;
				CLANG_WARN_UNREACHABLE_CODE = YES;
				CLANG_WARN__DUPLICATE_METHOD_MATCH = YES;
				COPY_PHASE_STRIP = NO;
				DEBUG_INFORMATION_FORMAT = "dwarf-with-dsym";
				ENABLE_NS_ASSERTIONS = NO;
				ENABLE_STRICT_OBJC_MSGSEND = YES;
				GCC_C_LANGUAGE_STANDARD = gnu11;
				GCC_NO_COMMON_BLOCKS = YES;
				GCC_WARN_64_TO_32_BIT_CONVERSION = YES;
				GCC_WARN_ABOUT_RETURN_TYPE = YES_ERROR;
				GCC_WARN_UNDECLARED_SELECTOR = YES;
				GCC_WARN_UNINITIALIZED_AUTOS = YES_AGGRESSIVE;
				GCC_WARN_UNUSED_FUNCTION = YES;
				GCC_WARN_UNUSED_VARIABLE = YES;
				IPHONEOS_DEPLOYMENT_TARGET = 16.4;
				MTL_ENABLE_DEBUG_INFO = NO;
				MTL_FAST_MATH = YES;
				SDKROOT = iphoneos;
				SWIFT_COMPILATION_MODE = wholemodule;
				SWIFT_OPTIMIZATION_LEVEL = "-O";
				VALIDATE_PRODUCT = YES;
			};
			name = Release;
		};
		3B09D1082A9F8D680000237D /* Debug */ = {
			isa = XCBuildConfiguration;
			buildSettings = {
				ASSETCATALOG_COMPILER_APPICON_NAME = AppIcon;
				ASSETCATALOG_COMPILER_GLOBAL_ACCENT_COLOR_NAME = AccentColor;
				CODE_SIGN_STYLE = Automatic;
				CURRENT_PROJECT_VERSION = 1;
				DEVELOPMENT_TEAM = A67NH8S3S6;
				GENERATE_INFOPLIST_FILE = YES;
				INFOPLIST_FILE = "Mod 1 Creative App_Kaiser/Info.plist";
				INFOPLIST_KEY_UIApplicationSupportsIndirectInputEvents = YES;
				INFOPLIST_KEY_UILaunchStoryboardName = LaunchScreen;
				INFOPLIST_KEY_UIMainStoryboardFile = Main;
				INFOPLIST_KEY_UISupportedInterfaceOrientations_iPad = "UIInterfaceOrientationPortrait UIInterfaceOrientationPortraitUpsideDown UIInterfaceOrientationLandscapeLeft UIInterfaceOrientationLandscapeRight";
				INFOPLIST_KEY_UISupportedInterfaceOrientations_iPhone = "UIInterfaceOrientationPortrait UIInterfaceOrientationLandscapeLeft UIInterfaceOrientationLandscapeRight";
				LD_RUNPATH_SEARCH_PATHS = (
					"$(inherited)",
					"@executable_path/Frameworks",
				);
				MARKETING_VERSION = 1.0;
				PRODUCT_BUNDLE_IDENTIFIER = "clc.Mod-1-Creative-App-Kaiser";
				PRODUCT_NAME = "$(TARGET_NAME)";
				SWIFT_EMIT_LOC_STRINGS = YES;
				SWIFT_VERSION = 5.0;
				TARGETED_DEVICE_FAMILY = "1,2";
			};
			name = Debug;
		};
		3B09D1092A9F8D680000237D /* Release */ = {
			isa = XCBuildConfiguration;
			buildSettings = {
				ASSETCATALOG_COMPILER_APPICON_NAME = AppIcon;
				ASSETCATALOG_COMPILER_GLOBAL_ACCENT_COLOR_NAME = AccentColor;
				CODE_SIGN_STYLE = Automatic;
				CURRENT_PROJECT_VERSION = 1;
				DEVELOPMENT_TEAM = A67NH8S3S6;
				GENERATE_INFOPLIST_FILE = YES;
				INFOPLIST_FILE = "Mod 1 Creative App_Kaiser/Info.plist";
				INFOPLIST_KEY_UIApplicationSupportsIndirectInputEvents = YES;
				INFOPLIST_KEY_UILaunchStoryboardName = LaunchScreen;
				INFOPLIST_KEY_UIMainStoryboardFile = Main;
				INFOPLIST_KEY_UISupportedInterfaceOrientations_iPad = "UIInterfaceOrientationPortrait UIInterfaceOrientationPortraitUpsideDown UIInterfaceOrientationLandscapeLeft UIInterfaceOrientationLandscapeRight";
				INFOPLIST_KEY_UISupportedInterfaceOrientations_iPhone = "UIInterfaceOrientationPortrait UIInterfaceOrientationLandscapeLeft UIInterfaceOrientationLandscapeRight";
				LD_RUNPATH_SEARCH_PATHS = (
					"$(inherited)",
					"@executable_path/Frameworks",
				);
				MARKETING_VERSION = 1.0;
				PRODUCT_BUNDLE_IDENTIFIER = "clc.Mod-1-Creative-App-Kaiser";
				PRODUCT_NAME = "$(TARGET_NAME)";
				SWIFT_EMIT_LOC_STRINGS = YES;
				SWIFT_VERSION = 5.0;
				TARGETED_DEVICE_FAMILY = "1,2";
			};
			name = Release;
		};
		3B09D10B2A9F8D680000237D /* Debug */ = {
			isa = XCBuildConfiguration;
			buildSettings = {
				ALWAYS_EMBED_SWIFT_STANDARD_LIBRARIES = YES;
				BUNDLE_LOADER = "$(TEST_HOST)";
				CODE_SIGN_STYLE = Automatic;
				CURRENT_PROJECT_VERSION = 1;
				DEVELOPMENT_TEAM = A67NH8S3S6;
				GENERATE_INFOPLIST_FILE = YES;
				IPHONEOS_DEPLOYMENT_TARGET = 16.4;
				MARKETING_VERSION = 1.0;
				PRODUCT_BUNDLE_IDENTIFIER = "clc.Mod-1-Creative-App-KaiserTests";
				PRODUCT_NAME = "$(TARGET_NAME)";
				SWIFT_EMIT_LOC_STRINGS = NO;
				SWIFT_VERSION = 5.0;
				TARGETED_DEVICE_FAMILY = "1,2";
				TEST_HOST = "$(BUILT_PRODUCTS_DIR)/Mod 1 Creative App_Kaiser.app/$(BUNDLE_EXECUTABLE_FOLDER_PATH)/Mod 1 Creative App_Kaiser";
			};
			name = Debug;
		};
		3B09D10C2A9F8D680000237D /* Release */ = {
			isa = XCBuildConfiguration;
			buildSettings = {
				ALWAYS_EMBED_SWIFT_STANDARD_LIBRARIES = YES;
				BUNDLE_LOADER = "$(TEST_HOST)";
				CODE_SIGN_STYLE = Automatic;
				CURRENT_PROJECT_VERSION = 1;
				DEVELOPMENT_TEAM = A67NH8S3S6;
				GENERATE_INFOPLIST_FILE = YES;
				IPHONEOS_DEPLOYMENT_TARGET = 16.4;
				MARKETING_VERSION = 1.0;
				PRODUCT_BUNDLE_IDENTIFIER = "clc.Mod-1-Creative-App-KaiserTests";
				PRODUCT_NAME = "$(TARGET_NAME)";
				SWIFT_EMIT_LOC_STRINGS = NO;
				SWIFT_VERSION = 5.0;
				TARGETED_DEVICE_FAMILY = "1,2";
				TEST_HOST = "$(BUILT_PRODUCTS_DIR)/Mod 1 Creative App_Kaiser.app/$(BUNDLE_EXECUTABLE_FOLDER_PATH)/Mod 1 Creative App_Kaiser";
			};
			name = Release;
		};
		3B09D10E2A9F8D680000237D /* Debug */ = {
			isa = XCBuildConfiguration;
			buildSettings = {
				ALWAYS_EMBED_SWIFT_STANDARD_LIBRARIES = YES;
				CODE_SIGN_STYLE = Automatic;
				CURRENT_PROJECT_VERSION = 1;
				DEVELOPMENT_TEAM = A67NH8S3S6;
				GENERATE_INFOPLIST_FILE = YES;
				MARKETING_VERSION = 1.0;
				PRODUCT_BUNDLE_IDENTIFIER = "clc.Mod-1-Creative-App-KaiserUITests";
				PRODUCT_NAME = "$(TARGET_NAME)";
				SWIFT_EMIT_LOC_STRINGS = NO;
				SWIFT_VERSION = 5.0;
				TARGETED_DEVICE_FAMILY = "1,2";
				TEST_TARGET_NAME = "Mod 1 Creative App_Kaiser";
			};
			name = Debug;
		};
		3B09D10F2A9F8D680000237D /* Release */ = {
			isa = XCBuildConfiguration;
			buildSettings = {
				ALWAYS_EMBED_SWIFT_STANDARD_LIBRARIES = YES;
				CODE_SIGN_STYLE = Automatic;
				CURRENT_PROJECT_VERSION = 1;
				DEVELOPMENT_TEAM = A67NH8S3S6;
				GENERATE_INFOPLIST_FILE = YES;
				MARKETING_VERSION = 1.0;
				PRODUCT_BUNDLE_IDENTIFIER = "clc.Mod-1-Creative-App-KaiserUITests";
				PRODUCT_NAME = "$(TARGET_NAME)";
				SWIFT_EMIT_LOC_STRINGS = NO;
				SWIFT_VERSION = 5.0;
				TARGETED_DEVICE_FAMILY = "1,2";
				TEST_TARGET_NAME = "Mod 1 Creative App_Kaiser";
			};
			name = Release;
		};
/* End XCBuildConfiguration section */

/* Begin XCConfigurationList section */
		3B09D0D52A9F8D660000237D /* Build configuration list for PBXProject "Mod 1 Creative App_Kaiser" */ = {
			isa = XCConfigurationList;
			buildConfigurations = (
				3B09D1052A9F8D680000237D /* Debug */,
				3B09D1062A9F8D680000237D /* Release */,
			);
			defaultConfigurationIsVisible = 0;
			defaultConfigurationName = Release;
		};
		3B09D1072A9F8D680000237D /* Build configuration list for PBXNativeTarget "Mod 1 Creative App_Kaiser" */ = {
			isa = XCConfigurationList;
			buildConfigurations = (
				3B09D1082A9F8D680000237D /* Debug */,
				3B09D1092A9F8D680000237D /* Release */,
			);
			defaultConfigurationIsVisible = 0;
			defaultConfigurationName = Release;
		};
		3B09D10A2A9F8D680000237D /* Build configuration list for PBXNativeTarget "Mod 1 Creative App_KaiserTests" */ = {
			isa = XCConfigurationList;
			buildConfigurations = (
				3B09D10B2A9F8D680000237D /* Debug */,
				3B09D10C2A9F8D680000237D /* Release */,
			);
			defaultConfigurationIsVisible = 0;
			defaultConfigurationName = Release;
		};
		3B09D10D2A9F8D680000237D /* Build configuration list for PBXNativeTarget "Mod 1 Creative App_KaiserUITests" */ = {
			isa = XCConfigurationList;
			buildConfigurations = (
				3B09D10E2A9F8D680000237D /* Debug */,
				3B09D10F2A9F8D680000237D /* Release */,
			);
			defaultConfigurationIsVisible = 0;
			defaultConfigurationName = Release;
		};
/* End XCConfigurationList section */

/* Begin XCVersionGroup section */
		3B09D0E62A9F8D660000237D /* Mod_1_Creative_App_Kaiser.xcdatamodeld */ = {
			isa = XCVersionGroup;
			children = (
				3B09D0E72A9F8D660000237D /* Mod_1_Creative_App_Kaiser.xcdatamodel */,
			);
			currentVersion = 3B09D0E72A9F8D660000237D /* Mod_1_Creative_App_Kaiser.xcdatamodel */;
			path = Mod_1_Creative_App_Kaiser.xcdatamodeld;
			sourceTree = "<group>";
			versionGroupType = wrapper.xcdatamodel;
		};
/* End XCVersionGroup section */
	};
	rootObject = 3B09D0D22A9F8D660000237D /* Project object */;
}
